
Microsoft Visual Studio Solution File, Format Version 12.00
# Visual Studio Version 16
VisualStudioVersion = 16.0.30104.148
MinimumVisualStudioVersion = 10.0.40219.1
Project("{FAE04EC0-301F-11D3-BF4B-00C04F79EFBC}") = "MusicPlayer", "MediaPlayer\MusicPlayer.csproj", "{B0596B8E-F4DA-4865-9ECB-1A11A58519AB}"
EndProject
Global
	GlobalSection(SolutionConfigurationPlatforms) = preSolution
		Debug|Any CPU = Debug|Any CPU
		Release|Any CPU = Release|Any CPU
	EndGlobalSection
	GlobalSection(ProjectConfigurationPlatforms) = postSolution
		{B0596B8E-F4DA-4865-9ECB-1A11A58519AB}.Debug|Any CPU.ActiveCfg = Debug|Any CPU
		{B0596B8E-F4DA-4865-9ECB-1A11A58519AB}.Debug|Any CPU.Build.0 = Debug|Any CPU
		{B0596B8E-F4DA-4865-9ECB-1A11A58519AB}.Release|Any CPU.ActiveCfg = Release|Any CPU
		{B0596B8E-F4DA-4865-9ECB-1A11A58519AB}.Release|Any CPU.Build.0 = Release|Any CPU
	EndGlobalSection
	GlobalSection(SolutionProperties) = preSolution
		HideSolutionNode = FALSE
	EndGlobalSection
	GlobalSection(ExtensibilityGlobals) = postSolution
		SolutionGuid = {5EF03D3E-FF05-416D-B7C0-F0CCF5741B70}
	EndGlobalSection
EndGlobal
